
Microsoft Visual Studio Solution File, Format Version 12.00
# Visual Studio Version 16
VisualStudioVersion = 16.0.30517.126
MinimumVisualStudioVersion = 10.0.40219.1
Project("{9A19103F-16F7-4668-BE54-9A1E7A4F7556}") = "Scout", "ROR2-TF2Survivors\Scout.csproj", "{26B59B1F-265F-48AA-8A4F-9C3FD09CE3FD}"
EndProject
Project("{9A19103F-16F7-4668-BE54-9A1E7A4F7556}") = "SaxtonHale", "ROR2-SaxtonHale\SaxtonHale.csproj", "{22371721-7E13-4499-9133-FF56F3241538}"
EndProject
Project("{9A19103F-16F7-4668-BE54-9A1E7A4F7556}") = "SharedLibrary", "SharedLibrary\SharedLibrary.csproj", "{2C67E436-53D7-452F-930A-9298BB46E2D6}"
EndProject
Global
	GlobalSection(SolutionConfigurationPlatforms) = preSolution
		Debug|Any CPU = Debug|Any CPU
		Release|Any CPU = Release|Any CPU
	EndGlobalSection
	GlobalSection(ProjectConfigurationPlatforms) = postSolution
		{26B59B1F-265F-48AA-8A4F-9C3FD09CE3FD}.Debug|Any CPU.ActiveCfg = Debug|Any CPU
		{26B59B1F-265F-48AA-8A4F-9C3FD09CE3FD}.Debug|Any CPU.Build.0 = Debug|Any CPU
		{26B59B1F-265F-48AA-8A4F-9C3FD09CE3FD}.Release|Any CPU.ActiveCfg = Release|Any CPU
		{26B59B1F-265F-48AA-8A4F-9C3FD09CE3FD}.Release|Any CPU.Build.0 = Release|Any CPU
		{22371721-7E13-4499-9133-FF56F3241538}.Debug|Any CPU.ActiveCfg = Debug|Any CPU
		{22371721-7E13-4499-9133-FF56F3241538}.Debug|Any CPU.Build.0 = Debug|Any CPU
		{22371721-7E13-4499-9133-FF56F3241538}.Release|Any CPU.ActiveCfg = Release|Any CPU
		{22371721-7E13-4499-9133-FF56F3241538}.Release|Any CPU.Build.0 = Release|Any CPU
		{2C67E436-53D7-452F-930A-9298BB46E2D6}.Debug|Any CPU.ActiveCfg = Debug|Any CPU
		{2C67E436-53D7-452F-930A-9298BB46E2D6}.Debug|Any CPU.Build.0 = Debug|Any CPU
		{2C67E436-53D7-452F-930A-9298BB46E2D6}.Release|Any CPU.ActiveCfg = Release|Any CPU
		{2C67E436-53D7-452F-930A-9298BB46E2D6}.Release|Any CPU.Build.0 = Release|Any CPU
	EndGlobalSection
	GlobalSection(SolutionProperties) = preSolution
		HideSolutionNode = FALSE
	EndGlobalSection
	GlobalSection(ExtensibilityGlobals) = postSolution
		SolutionGuid = {5B9E14D9-7EDA-4550-983D-48531679A947}
	EndGlobalSection
EndGlobal
